hash: 3a3d96221ea37f0cc000995dc7d55517fc240a1dfde298f96a9411e3c852bf4d
updated: 2019-08-05T22:30:11.538235+02:00
imports:
- name: contrib.go.opencensus.io/exporter/ocagent
  version: 738c4b15ad40c960255f4369c5f0f4e95fc68341
- name: github.com/Azure/azure-sdk-for-go
  version: 5cd3deb00b42ed3b9199524cd8f70b8dd8bec2f0
  subpackages:
  - profiles/latest/appinsights/insights
  - profiles/latest/operationalinsights/operationalinsights
  - profiles/latest/resources/mgmt/resources
  - profiles/latest/resources/mgmt/subscriptions
  - services/operationalinsights/v1/operationalinsights
  - services/preview/monitor/mgmt/2018-03-01/insights
  - services/resources/mgmt/2019-03-01/resources
  - version
- name: github.com/Azure/go-autorest
  version: f29a2eccaa178b367df0405778cd85e0af7b4225
  subpackages:
  - autorest
  - autorest/adal
  - autorest/azure
  - autorest/azure/auth
  - autorest/azure/cli
  - autorest/date
  - autorest/to
  - autorest/validation
  - logger
  - tracing
- name: github.com/beorn7/perks
  version: 234731a4f01687625231ac651d6b2776e3f3142e
  subpackages:
  - quantile
- name: github.com/census-instrumentation/opencensus-proto
  version: 0994559fc04584b8157b89555e5e14b21bcd769d
  subpackages:
  - gen-go/agent/common/v1
  - gen-go/agent/metrics/v1
  - gen-go/agent/trace/v1
  - gen-go/metrics/v1
  - gen-go/resource/v1
  - gen-go/trace/v1
- name: github.com/dgrijalva/jwt-go
  version: 01aeca54ebda6e0fbfafd0a524d234159c05ec20
- name: github.com/dimchansky/utfbom
  version: d2133a1ce379ef6fa992b0514a77146c60db9d1c
- name: github.com/golang/protobuf
  version: b285ee9cfc6c881bb20c0d8dc73370ea9b9ec90f
  subpackages:
  - jsonpb
  - proto
  - protoc-gen-go/descriptor
  - protoc-gen-go/generator
  - protoc-gen-go/generator/internal/remap
  - protoc-gen-go/plugin
  - ptypes
  - ptypes/any
  - ptypes/duration
  - ptypes/struct
  - ptypes/timestamp
  - ptypes/wrappers
- name: github.com/google/logger
  version: 03bdf7bcb2c4d98c8fdbf62f1473fb1303ca1c1d
- name: github.com/grpc-ecosystem/grpc-gateway
  version: 79ff520b46091f8148bafeafd6e798826d6d47c2
  subpackages:
  - internal
  - runtime
  - utilities
- name: github.com/hashicorp/golang-lru
  version: 20f1fb78b0740ba8c3cb143a61e86ba5c8669768
  subpackages:
  - simplelru
- name: github.com/jessevdk/go-flags
  version: c0795c8afcf41dd1d786bebce68636c199b3bb45
- name: github.com/matttproud/golang_protobuf_extensions
  version: c182affec369e30f25d3eb8cd8a478dee585ae7d
  subpackages:
  - pbutil
- name: github.com/mitchellh/go-homedir
  version: af06845cf3004701891bf4fdb884bfe4920b3727
- name: github.com/prometheus/client_golang
  version: 2641b987480bca71fb39738eb8c8b0d577cb1d76
  subpackages:
  - prometheus
  - prometheus/internal
  - prometheus/promhttp
- name: github.com/prometheus/client_model
  version: fd36f4220a901265f90734c3183c5f0c91daa0b8
  subpackages:
  - go
- name: github.com/prometheus/common
  version: 6125cc8d9fa0ecb5e6acad546bc61e4f093c19b1
  subpackages:
  - expfmt
  - internal/bitbucket.org/ww/goautoneg
  - model
- name: github.com/prometheus/procfs
  version: 1de2bc567d78f4ff415fd103412f7e5ec9e8876b
  subpackages:
  - internal/fs
- name: go.opencensus.io
  version: 75c0cca22312e51bfd4fafdbe9197ae399e18b38
  subpackages:
  - internal
  - internal/tagencoding
  - metric/metricdata
  - metric/metricproducer
  - plugin/ocgrpc
  - plugin/ochttp
  - plugin/ochttp/propagation/b3
  - plugin/ochttp/propagation/tracecontext
  - resource
  - stats
  - stats/internal
  - stats/view
  - tag
  - trace
  - trace/internal
  - trace/propagation
  - trace/tracestate
- name: golang.org/x/crypto
  version: e84da0312774c21d64ee2317962ef669b27ffb41
  subpackages:
  - pkcs12
  - pkcs12/internal/rc2
- name: golang.org/x/net
  version: 65e2d4e15006aab9813ff8769e768bbf4bb667a0
  subpackages:
  - context
  - http/httpguts
  - http2
  - http2/hpack
  - idna
  - internal/timeseries
  - trace
- name: golang.org/x/sync
  version: 42b317875d0fa942474b76e1b46a6060d720ae6e
  subpackages:
  - semaphore
- name: golang.org/x/sys
  version: 7fc4e5ec1444df20dd195ae7c3bbfcd7114d3faa
  subpackages:
  - unix
  - windows
  - windows/registry
  - windows/svc/eventlog
- name: golang.org/x/text
  version: e6919f6577db79269a6443b9dc46d18f2238fb5d
  subpackages:
  - secure/bidirule
  - transform
  - unicode/bidi
  - unicode/norm
- name: google.golang.org/api
  version: 5f67ac420c718c51337fbe0dbceb4d7615a47ca6
  subpackages:
  - support/bundler
- name: google.golang.org/genproto
  version: 64821d5d210748c883cd2b809589555ae4654203
  subpackages:
  - googleapis/api/httpbody
  - googleapis/rpc/status
  - protobuf/field_mask
- name: google.golang.org/grpc
  version: f2967c2f83f8c7353ce41007548e16fbd91c4175
  subpackages:
  - balancer
  - balancer/base
  - balancer/roundrobin
  - binarylog/grpc_binarylog_v1
  - codes
  - connectivity
  - credentials
  - credentials/internal
  - encoding
  - encoding/proto
  - grpclog
  - internal
  - internal/backoff
  - internal/balancerload
  - internal/binarylog
  - internal/channelz
  - internal/envconfig
  - internal/grpcrand
  - internal/grpcsync
  - internal/syscall
  - internal/transport
  - keepalive
  - metadata
  - naming
  - peer
  - resolver
  - resolver/dns
  - resolver/passthrough
  - serviceconfig
  - stats
  - status
  - tap
testImports: []
